
Microsoft Visual Studio Solution File, Format Version 12.00
# Visual Studio 15
VisualStudioVersion = 15.0.27703.2026
MinimumVisualStudioVersion = 10.0.40219.1
Project("{9A19103F-16F7-4668-BE54-9A1E7A4F7556}") = "SelfDrvn.Feeds.Share", "SelfDrvn.Feeds.Share.csproj", "{1DBCE0AF-77AC-4AA8-BDC5-0EBB55AA4DCC}"
EndProject
Global
	GlobalSection(SolutionConfigurationPlatforms) = preSolution
		Debug|Any CPU = Debug|Any CPU
		Release|Any CPU = Release|Any CPU
	EndGlobalSection
	GlobalSection(ProjectConfigurationPlatforms) = postSolution
		{1DBCE0AF-77AC-4AA8-BDC5-0EBB55AA4DCC}.Debug|Any CPU.ActiveCfg = Debug|Any CPU
		{1DBCE0AF-77AC-4AA8-BDC5-0EBB55AA4DCC}.Debug|Any CPU.Build.0 = Debug|Any CPU
		{1DBCE0AF-77AC-4AA8-BDC5-0EBB55AA4DCC}.Release|Any CPU.ActiveCfg = Release|Any CPU
		{1DBCE0AF-77AC-4AA8-BDC5-0EBB55AA4DCC}.Release|Any CPU.Build.0 = Release|Any CPU
	EndGlobalSection
	GlobalSection(SolutionProperties) = preSolution
		HideSolutionNode = FALSE
	EndGlobalSection
	GlobalSection(ExtensibilityGlobals) = postSolution
		SolutionGuid = {E6989278-1C8E-4DE6-A793-66AFF626E4A9}
	EndGlobalSection
EndGlobal
